
Microsoft Visual Studio Solution File, Format Version 12.00
# Visual Studio Version 16
VisualStudioVersion = 16.0.30002.166
MinimumVisualStudioVersion = 10.0.40219.1
Project("{FAE04EC0-301F-11D3-BF4B-00C04F79EFBC}") = "Torpedo", "Torpedo\Torpedo.csproj", "{6910AD44-21EB-4F40-A89F-FAAA30C7E351}"
EndProject
Global
	GlobalSection(SolutionConfigurationPlatforms) = preSolution
		Debug|Any CPU = Debug|Any CPU
		Release|Any CPU = Release|Any CPU
	EndGlobalSection
	GlobalSection(ProjectConfigurationPlatforms) = postSolution
		{6910AD44-21EB-4F40-A89F-FAAA30C7E351}.Debug|Any CPU.ActiveCfg = Debug|Any CPU
		{6910AD44-21EB-4F40-A89F-FAAA30C7E351}.Debug|Any CPU.Build.0 = Debug|Any CPU
		{6910AD44-21EB-4F40-A89F-FAAA30C7E351}.Release|Any CPU.ActiveCfg = Release|Any CPU
		{6910AD44-21EB-4F40-A89F-FAAA30C7E351}.Release|Any CPU.Build.0 = Release|Any CPU
	EndGlobalSection
	GlobalSection(SolutionProperties) = preSolution
		HideSolutionNode = FALSE
	EndGlobalSection
	GlobalSection(ExtensibilityGlobals) = postSolution
		SolutionGuid = {1A628E60-44F4-43EB-9185-394A131BDA2E}
	EndGlobalSection
EndGlobal
